
Microsoft Visual Studio Solution File, Format Version 12.00
Project("{FAE04EC0-301F-11D3-BF4B-00C04F79EFBC}") = "UnitTesting", "UnitTesting\UnitTesting.csproj", "{192D1C2C-93C8-4835-9D6B-73B22956356D}"
EndProject
Project("{FAE04EC0-301F-11D3-BF4B-00C04F79EFBC}") = "ConsoleSource", "ConsoleSource\ConsoleSource.csproj", "{5DFCAA7D-C6EC-4B3F-948D-5057F51AD28B}"
EndProject
Global
	GlobalSection(SolutionConfigurationPlatforms) = preSolution
		Debug|Any CPU = Debug|Any CPU
		Release|Any CPU = Release|Any CPU
	EndGlobalSection
	GlobalSection(ProjectConfigurationPlatforms) = postSolution
		{192D1C2C-93C8-4835-9D6B-73B22956356D}.Debug|Any CPU.ActiveCfg = Debug|Any CPU
		{192D1C2C-93C8-4835-9D6B-73B22956356D}.Debug|Any CPU.Build.0 = Debug|Any CPU
		{192D1C2C-93C8-4835-9D6B-73B22956356D}.Release|Any CPU.ActiveCfg = Release|Any CPU
		{192D1C2C-93C8-4835-9D6B-73B22956356D}.Release|Any CPU.Build.0 = Release|Any CPU
		{5DFCAA7D-C6EC-4B3F-948D-5057F51AD28B}.Debug|Any CPU.ActiveCfg = Debug|Any CPU
		{5DFCAA7D-C6EC-4B3F-948D-5057F51AD28B}.Debug|Any CPU.Build.0 = Debug|Any CPU
		{5DFCAA7D-C6EC-4B3F-948D-5057F51AD28B}.Release|Any CPU.ActiveCfg = Release|Any CPU
		{5DFCAA7D-C6EC-4B3F-948D-5057F51AD28B}.Release|Any CPU.Build.0 = Release|Any CPU
	EndGlobalSection
EndGlobal
